
Microsoft Visual Studio Solution File, Format Version 12.00
# Visual Studio Version 17
VisualStudioVersion = 17.11.35327.3
MinimumVisualStudioVersion = 10.0.40219.1
Project("{FAE04EC0-301F-11D3-BF4B-00C04F79EFBC}") = "Functions", "Functions\Functions.csproj", "{863C5E76-9205-44AF-9616-0C0251436DF0}"
EndProject
Project("{FAE04EC0-301F-11D3-BF4B-00C04F79EFBC}") = "ArgumentsAndParameters", "ArgumentsAndParameters\ArgumentsAndParameters.csproj", "{B8C868C0-D5F3-4BD6-8917-19A430FE57B9}"
EndProject
Project("{FAE04EC0-301F-11D3-BF4B-00C04F79EFBC}") = "Calculator", "Calculator\Calculator.csproj", "{1C0DCC65-81FF-4E3B-A74B-278F4E4D0528}"
EndProject
Project("{FAE04EC0-301F-11D3-BF4B-00C04F79EFBC}") = "DiscountCalculator", "DiscountCalculator\DiscountCalculator.csproj", "{794E97FF-5D67-4E17-A7B6-7A4C217D5ED4}"
EndProject
Global
	GlobalSection(SolutionConfigurationPlatforms) = preSolution
		Debug|Any CPU = Debug|Any CPU
		Release|Any CPU = Release|Any CPU
	EndGlobalSection
	GlobalSection(ProjectConfigurationPlatforms) = postSolution
		{863C5E76-9205-44AF-9616-0C0251436DF0}.Debug|Any CPU.ActiveCfg = Debug|Any CPU
		{863C5E76-9205-44AF-9616-0C0251436DF0}.Debug|Any CPU.Build.0 = Debug|Any CPU
		{863C5E76-9205-44AF-9616-0C0251436DF0}.Release|Any CPU.ActiveCfg = Release|Any CPU
		{863C5E76-9205-44AF-9616-0C0251436DF0}.Release|Any CPU.Build.0 = Release|Any CPU
		{B8C868C0-D5F3-4BD6-8917-19A430FE57B9}.Debug|Any CPU.ActiveCfg = Debug|Any CPU
		{B8C868C0-D5F3-4BD6-8917-19A430FE57B9}.Debug|Any CPU.Build.0 = Debug|Any CPU
		{B8C868C0-D5F3-4BD6-8917-19A430FE57B9}.Release|Any CPU.ActiveCfg = Release|Any CPU
		{B8C868C0-D5F3-4BD6-8917-19A430FE57B9}.Release|Any CPU.Build.0 = Release|Any CPU
		{1C0DCC65-81FF-4E3B-A74B-278F4E4D0528}.Debug|Any CPU.ActiveCfg = Debug|Any CPU
		{1C0DCC65-81FF-4E3B-A74B-278F4E4D0528}.Debug|Any CPU.Build.0 = Debug|Any CPU
		{1C0DCC65-81FF-4E3B-A74B-278F4E4D0528}.Release|Any CPU.ActiveCfg = Release|Any CPU
		{1C0DCC65-81FF-4E3B-A74B-278F4E4D0528}.Release|Any CPU.Build.0 = Release|Any CPU
		{794E97FF-5D67-4E17-A7B6-7A4C217D5ED4}.Debug|Any CPU.ActiveCfg = Debug|Any CPU
		{794E97FF-5D67-4E17-A7B6-7A4C217D5ED4}.Debug|Any CPU.Build.0 = Debug|Any CPU
		{794E97FF-5D67-4E17-A7B6-7A4C217D5ED4}.Release|Any CPU.ActiveCfg = Release|Any CPU
		{794E97FF-5D67-4E17-A7B6-7A4C217D5ED4}.Release|Any CPU.Build.0 = Release|Any CPU
	EndGlobalSection
	GlobalSection(SolutionProperties) = preSolution
		HideSolutionNode = FALSE
	EndGlobalSection
	GlobalSection(ExtensibilityGlobals) = postSolution
		SolutionGuid = {E66BEF93-5CE9-4B15-87D4-46E848A437B0}
	EndGlobalSection
EndGlobal
